// !$*UTF8*$!
{
	archiveVersion = 1;
	classes = {
	};
	objectVersion = 56;
	objects = {

/* Begin PBXBuildFile section */
		8D37C4CF2B9E604000E7A24C /* Swift_Cookbook_2ndApp.swift in Sources */ = {isa = PBXBuildFile; fileRef = 8D37C4CE2B9E604000E7A24C /* Swift_Cookbook_2ndApp.swift */; };
		8D37C4D12B9E604000E7A24C /* ContentView.swift in Sources */ = {isa = PBXBuildFile; fileRef = 8D37C4D02B9E604000E7A24C /* ContentView.swift */; };
		8D37C4D32B9E604100E7A24C /* Assets.xcassets in Resources */ = {isa = PBXBuildFile; fileRef = 8D37C4D22B9E604100E7A24C /* Assets.xcassets */; };
		8D37C4D72B9E604100E7A24C /* Preview Assets.xcassets in Resources */ = {isa = PBXBuildFile; fileRef = 8D37C4D62B9E604100E7A24C /* Preview Assets.xcassets */; };
		8D37C4E12B9E604200E7A24C /* Swift_Cookbook_2ndTests.swift in Sources */ = {isa = PBXBuildFile; fileRef = 8D37C4E02B9E604200E7A24C /* Swift_Cookbook_2ndTests.swift */; };
		8D37C4EB2B9E604200E7A24C /* Swift_Cookbook_2ndUITests.swift in Sources */ = {isa = PBXBuildFile; fileRef = 8D37C4EA2B9E604200E7A24C /* Swift_Cookbook_2ndUITests.swift */; };
		8D37C4ED2B9E604200E7A24C /* Swift_Cookbook_2ndUITestsLaunchTests.swift in Sources */ = {isa = PBXBuildFile; fileRef = 8D37C4EC2B9E604200E7A24C /* Swift_Cookbook_2ndUITestsLaunchTests.swift */; };
/* End PBXBuildFile section */

/* Begin PBXContainerItemProxy section */
		8D37C4DD2B9E604200E7A24C /* PBXContainerItemProxy */ = {
			isa = PBXContainerItemProxy;
			containerPortal = 8D37C4C32B9E604000E7A24C /* Project object */;
			proxyType = 1;
			remoteGlobalIDString = 8D37C4CA2B9E604000E7A24C;
			remoteInfo = "Swift_Cookbook-2nd";
		};
		8D37C4E72B9E604200E7A24C /* PBXContainerItemProxy */ = {
			isa = PBXContainerItemProxy;
			containerPortal = 8D37C4C32B9E604000E7A24C /* Project object */;
			proxyType = 1;
			remoteGlobalIDString = 8D37C4CA2B9E604000E7A24C;
			remoteInfo = "Swift_Cookbook-2nd";
		};
/* End PBXContainerItemProxy section */

/* Begin PBXFileReference section */
		8D37C4CB2B9E604000E7A24C /* Swift_Cookbook-2nd.app */ = {isa = PBXFileReference; explicitFileType = wrapper.application; includeInIndex = 0; path = "Swift_Cookbook-2nd.app"; sourceTree = BUILT_PRODUCTS_DIR; };
		8D37C4CE2B9E604000E7A24C /* Swift_Cookbook_2ndApp.swift */ = {isa = PBXFileReference; lastKnownFileType = sourcecode.swift; path = Swift_Cookbook_2ndApp.swift; sourceTree = "<group>"; };
		8D37C4D02B9E604000E7A24C /* ContentView.swift */ = {isa = PBXFileReference; lastKnownFileType = sourcecode.swift; path = ContentView.swift; sourceTree = "<group>"; };
		8D37C4D22B9E604100E7A24C /* Assets.xcassets */ = {isa = PBXFileReference; lastKnownFileType = folder.assetcatalog; path = Assets.xcassets; sourceTree = "<group>"; };
		8D37C4D42B9E604100E7A24C /* Swift_Cookbook_2nd.entitlements */ = {isa = PBXFileReference; lastKnownFileType = text.plist.entitlements; path = Swift_Cookbook_2nd.entitlements; sourceTree = "<group>"; };
		8D37C4D62B9E604100E7A24C /* Preview Assets.xcassets */ = {isa = PBXFileReference; lastKnownFileType = folder.assetcatalog; path = "Preview Assets.xcassets"; sourceTree = "<group>"; };
		8D37C4DC2B9E604200E7A24C /* Swift_Cookbook-2ndTests.xctest */ = {isa = PBXFileReference; explicitFileType = wrapper.cfbundle; includeInIndex = 0; path = "Swift_Cookbook-2ndTests.xctest"; sourceTree = BUILT_PRODUCTS_DIR; };
		8D37C4E02B9E604200E7A24C /* Swift_Cookbook_2ndTests.swift */ = {isa = PBXFileReference; lastKnownFileType = sourcecode.swift; path = Swift_Cookbook_2ndTests.swift; sourceTree = "<group>"; };
		8D37C4E62B9E604200E7A24C /* Swift_Cookbook-2ndUITests.xctest */ = {isa = PBXFileReference; explicitFileType = wrapper.cfbundle; includeInIndex = 0; path = "Swift_Cookbook-2ndUITests.xctest"; sourceTree = BUILT_PRODUCTS_DIR; };
		8D37C4EA2B9E604200E7A24C /* Swift_Cookbook_2ndUITests.swift */ = {isa = PBXFileReference; lastKnownFileType = sourcecode.swift; path = Swift_Cookbook_2ndUITests.swift; sourceTree = "<group>"; };
		8D37C4EC2B9E604200E7A24C /* Swift_Cookbook_2ndUITestsLaunchTests.swift */ = {isa = PBXFileReference; lastKnownFileType = sourcecode.swift; path = Swift_Cookbook_2ndUITestsLaunchTests.swift; sourceTree = "<group>"; };
/* End PBXFileReference section */

/* Begin PBXFrameworksBuildPhase section */
		8D37C4C82B9E604000E7A24C /* Frameworks */ = {
			isa = PBXFrameworksBuildPhase;
			buildActionMask = 2147483647;
			files = (
			);
			runOnlyForDeploymentPostprocessing = 0;
		};
		8D37C4D92B9E604200E7A24C /* Frameworks */ = {
			isa = PBXFrameworksBuildPhase;
			buildActionMask = 2147483647;
			files = (
			);
			runOnlyForDeploymentPostprocessing = 0;
		};
		8D37C4E32B9E604200E7A24C /* Frameworks */ = {
			isa = PBXFrameworksBuildPhase;
			buildActionMask = 2147483647;
			files = (
			);
			runOnlyForDeploymentPostprocessing = 0;
		};
/* End PBXFrameworksBuildPhase section */

/* Begin PBXGroup section */
		8D37C4C22B9E604000E7A24C = {
			isa = PBXGroup;
			children = (
				8D37C4CD2B9E604000E7A24C /* Swift_Cookbook-2nd */,
				8D37C4DF2B9E604200E7A24C /* Swift_Cookbook-2ndTests */,
				8D37C4E92B9E604200E7A24C /* Swift_Cookbook-2ndUITests */,
				8D37C4CC2B9E604000E7A24C /* Products */,
			);
			sourceTree = "<group>";
		};
		8D37C4CC2B9E604000E7A24C /* Products */ = {
			isa = PBXGroup;
			children = (
				8D37C4CB2B9E604000E7A24C /* Swift_Cookbook-2nd.app */,
				8D37C4DC2B9E604200E7A24C /* Swift_Cookbook-2ndTests.xctest */,
				8D37C4E62B9E604200E7A24C /* Swift_Cookbook-2ndUITests.xctest */,
			);
			name = Products;
			sourceTree = "<group>";
		};
		8D37C4CD2B9E604000E7A24C /* Swift_Cookbook-2nd */ = {
			isa = PBXGroup;
			children = (
				8D37C4CE2B9E604000E7A24C /* Swift_Cookbook_2ndApp.swift */,
				8D37C4D02B9E604000E7A24C /* ContentView.swift */,
				8D37C4D22B9E604100E7A24C /* Assets.xcassets */,
				8D37C4D42B9E604100E7A24C /* Swift_Cookbook_2nd.entitlements */,
				8D37C4D52B9E604100E7A24C /* Preview Content */,
			);
			path = "Swift_Cookbook-2nd";
			sourceTree = "<group>";
		};
		8D37C4D52B9E604100E7A24C /* Preview Content */ = {
			isa = PBXGroup;
			children = (
				8D37C4D62B9E604100E7A24C /* Preview Assets.xcassets */,
			);
			path = "Preview Content";
			sourceTree = "<group>";
		};
		8D37C4DF2B9E604200E7A24C /* Swift_Cookbook-2ndTests */ = {
			isa = PBXGroup;
			children = (
				8D37C4E02B9E604200E7A24C /* Swift_Cookbook_2ndTests.swift */,
			);
			path = "Swift_Cookbook-2ndTests";
			sourceTree = "<group>";
		};
		8D37C4E92B9E604200E7A24C /* Swift_Cookbook-2ndUITests */ = {
			isa = PBXGroup;
			children = (
				8D37C4EA2B9E604200E7A24C /* Swift_Cookbook_2ndUITests.swift */,
				8D37C4EC2B9E604200E7A24C /* Swift_Cookbook_2ndUITestsLaunchTests.swift */,
			);
			path = "Swift_Cookbook-2ndUITests";
			sourceTree = "<group>";
		};
/* End PBXGroup section */

/* Begin PBXNativeTarget section */
		8D37C4CA2B9E604000E7A24C /* Swift_Cookbook-2nd */ = {
			isa = PBXNativeTarget;
			buildConfigurationList = 8D37C4F02B9E604200E7A24C /* Build configuration list for PBXNativeTarget "Swift_Cookbook-2nd" */;
			buildPhases = (
				8D37C4C72B9E604000E7A24C /* Sources */,
				8D37C4C82B9E604000E7A24C /* Frameworks */,
				8D37C4C92B9E604000E7A24C /* Resources */,
			);
			buildRules = (
			);
			dependencies = (
			);
			name = "Swift_Cookbook-2nd";
			productName = "Swift_Cookbook-2nd";
			productReference = 8D37C4CB2B9E604000E7A24C /* Swift_Cookbook-2nd.app */;
			productType = "com.apple.product-type.application";
		};
		8D37C4DB2B9E604200E7A24C /* Swift_Cookbook-2ndTests */ = {
			isa = PBXNativeTarget;
			buildConfigurationList = 8D37C4F32B9E604200E7A24C /* Build configuration list for PBXNativeTarget "Swift_Cookbook-2ndTests" */;
			buildPhases = (
				8D37C4D82B9E604200E7A24C /* Sources */,
				8D37C4D92B9E604200E7A24C /* Frameworks */,
				8D37C4DA2B9E604200E7A24C /* Resources */,
			);
			buildRules = (
			);
			dependencies = (
				8D37C4DE2B9E604200E7A24C /* PBXTargetDependency */,
			);
			name = "Swift_Cookbook-2ndTests";
			productName = "Swift_Cookbook-2ndTests";
			productReference = 8D37C4DC2B9E604200E7A24C /* Swift_Cookbook-2ndTests.xctest */;
			productType = "com.apple.product-type.bundle.unit-test";
		};
		8D37C4E52B9E604200E7A24C /* Swift_Cookbook-2ndUITests */ = {
			isa = PBXNativeTarget;
			buildConfigurationList = 8D37C4F62B9E604200E7A24C /* Build configuration list for PBXNativeTarget "Swift_Cookbook-2ndUITests" */;
			buildPhases = (
				8D37C4E22B9E604200E7A24C /* Sources */,
				8D37C4E32B9E604200E7A24C /* Frameworks */,
				8D37C4E42B9E604200E7A24C /* Resources */,
			);
			buildRules = (
			);
			dependencies = (
				8D37C4E82B9E604200E7A24C /* PBXTargetDependency */,
			);
			name = "Swift_Cookbook-2ndUITests";
			productName = "Swift_Cookbook-2ndUITests";
			productReference = 8D37C4E62B9E604200E7A24C /* Swift_Cookbook-2ndUITests.xctest */;
			productType = "com.apple.product-type.bundle.ui-testing";
		};
/* End PBXNativeTarget section */

/* Begin PBXProject section */
		8D37C4C32B9E604000E7A24C /* Project object */ = {
			isa = PBXProject;
			attributes = {
				BuildIndependentTargetsInParallel = 1;
				LastSwiftUpdateCheck = 1530;
				LastUpgradeCheck = 1530;
				TargetAttributes = {
					8D37C4CA2B9E604000E7A24C = {
						CreatedOnToolsVersion = 15.3;
					};
					8D37C4DB2B9E604200E7A24C = {
						CreatedOnToolsVersion = 15.3;
						TestTargetID = 8D37C4CA2B9E604000E7A24C;
					};
					8D37C4E52B9E604200E7A24C = {
						CreatedOnToolsVersion = 15.3;
						TestTargetID = 8D37C4CA2B9E604000E7A24C;
					};
				};
			};
			buildConfigurationList = 8D37C4C62B9E604000E7A24C /* Build configuration list for PBXProject "Swift_Cookbook-2nd" */;
			compatibilityVersion = "Xcode 14.0";
			developmentRegion = en;
			hasScannedForEncodings = 0;
			knownRegions = (
				en,
				Base,
			);
			mainGroup = 8D37C4C22B9E604000E7A24C;
			productRefGroup = 8D37C4CC2B9E604000E7A24C /* Products */;
			projectDirPath = "";
			projectRoot = "";
			targets = (
				8D37C4CA2B9E604000E7A24C /* Swift_Cookbook-2nd */,
				8D37C4DB2B9E604200E7A24C /* Swift_Cookbook-2ndTests */,
				8D37C4E52B9E604200E7A24C /* Swift_Cookbook-2ndUITests */,
			);
		};
/* End PBXProject section */

/* Begin PBXResourcesBuildPhase section */
		8D37C4C92B9E604000E7A24C /* Resources */ = {
			isa = PBXResourcesBuildPhase;
			buildActionMask = 2147483647;
			files = (
				8D37C4D72B9E604100E7A24C /* Preview Assets.xcassets in Resources */,
				8D37C4D32B9E604100E7A24C /* Assets.xcassets in Resources */,
			);
			runOnlyForDeploymentPostprocessing = 0;
		};
		8D37C4DA2B9E604200E7A24C /* Resources */ = {
			isa = PBXResourcesBuildPhase;
			buildActionMask = 2147483647;
			files = (
			);
			runOnlyForDeploymentPostprocessing = 0;
		};
		8D37C4E42B9E604200E7A24C /* Resources */ = {
			isa = PBXResourcesBuildPhase;
			buildActionMask = 2147483647;
			files = (
			);
			runOnlyForDeploymentPostprocessing = 0;
		};
/* End PBXResourcesBuildPhase section */

/* Begin PBXSourcesBuildPhase section */
		8D37C4C72B9E604000E7A24C /* Sources */ = {
			isa = PBXSourcesBuildPhase;
			buildActionMask = 2147483647;
			files = (
				8D37C4D12B9E604000E7A24C /* ContentView.swift in Sources */,
				8D37C4CF2B9E604000E7A24C /* Swift_Cookbook_2ndApp.swift in Sources */,
			);
			runOnlyForDeploymentPostprocessing = 0;
		};
		8D37C4D82B9E604200E7A24C /* Sources */ = {
			isa = PBXSourcesBuildPhase;
			buildActionMask = 2147483647;
			files = (
				8D37C4E12B9E604200E7A24C /* Swift_Cookbook_2ndTests.swift in Sources */,
			);
			runOnlyForDeploymentPostprocessing = 0;
		};
		8D37C4E22B9E604200E7A24C /* Sources */ = {
			isa = PBXSourcesBuildPhase;
			buildActionMask = 2147483647;
			files = (
				8D37C4ED2B9E604200E7A24C /* Swift_Cookbook_2ndUITestsLaunchTests.swift in Sources */,
				8D37C4EB2B9E604200E7A24C /* Swift_Cookbook_2ndUITests.swift in Sources */,
			);
			runOnlyForDeploymentPostprocessing = 0;
		};
/* End PBXSourcesBuildPhase section */

/* Begin PBXTargetDependency section */
		8D37C4DE2B9E604200E7A24C /* PBXTargetDependency */ = {
			isa = PBXTargetDependency;
			target = 8D37C4CA2B9E604000E7A24C /* Swift_Cookbook-2nd */;
			targetProxy = 8D37C4DD2B9E604200E7A24C /* PBXContainerItemProxy */;
		};
		8D37C4E82B9E604200E7A24C /* PBXTargetDependency */ = {
			isa = PBXTargetDependency;
			target = 8D37C4CA2B9E604000E7A24C /* Swift_Cookbook-2nd */;
			targetProxy = 8D37C4E72B9E604200E7A24C /* PBXContainerItemProxy */;
		};
/* End PBXTargetDependency section */

/* Begin XCBuildConfiguration section */
		8D37C4EE2B9E604200E7A24C /* Debug */ = {
			isa = XCBuildConfiguration;
			buildSettings = {
				ALWAYS_SEARCH_USER_PATHS = NO;
				ASSETCATALOG_COMPILER_GENERATE_SWIFT_ASSET_SYMBOL_EXTENSIONS = YES;
				CLANG_ANALYZER_NONNULL = YES;
				CLANG_ANALYZER_NUMBER_OBJECT_CONVERSION = YES_AGGRESSIVE;
				CLANG_CXX_LANGUAGE_STANDARD = "gnu++20";
				CLANG_ENABLE_MODULES = YES;
				CLANG_ENABLE_OBJC_ARC = YES;
				CLANG_ENABLE_OBJC_WEAK = YES;
				CLANG_WARN_BLOCK_CAPTURE_AUTORELEASING = YES;
				CLANG_WARN_BOOL_CONVERSION = YES;
				CLANG_WARN_COMMA = YES;
				CLANG_WARN_CONSTANT_CONVERSION = YES;
				CLANG_WARN_DEPRECATED_OBJC_IMPLEMENTATIONS = YES;
				CLANG_WARN_DIRECT_OBJC_ISA_USAGE = YES_ERROR;
				CLANG_WARN_DOCUMENTATION_COMMENTS = YES;
				CLANG_WARN_EMPTY_BODY = YES;
				CLANG_WARN_ENUM_CONVERSION = YES;
				CLANG_WARN_INFINITE_RECURSION = YES;
				CLANG_WARN_INT_CONVERSION = YES;
				CLANG_WARN_NON_LITERAL_NULL_CONVERSION = YES;
				CLANG_WARN_OBJC_IMPLICIT_RETAIN_SELF = YES;
				CLANG_WARN_OBJC_LITERAL_CONVERSION = YES;
				CLANG_WARN_OBJC_ROOT_CLASS = YES_ERROR;
				CLANG_WARN_QUOTED_INCLUDE_IN_FRAMEWORK_HEADER = YES;
				CLANG_WARN_RANGE_LOOP_ANALYSIS = YES;
				CLANG_WARN_STRICT_PROTOTYPES = YES;
				CLANG_WARN_SUSPICIOUS_MOVE = YES;
				CLANG_WARN_UNGUARDED_AVAILABILITY = YES_AGGRESSIVE;
				CLANG_WARN_UNREACHABLE_CODE = YES;
				CLANG_WARN__DUPLICATE_METHOD_MATCH = YES;
				COPY_PHASE_STRIP = NO;
				DEBUG_INFORMATION_FORMAT = dwarf;
				ENABLE_STRICT_OBJC_MSGSEND = YES;
				ENABLE_TESTABILITY = YES;
				ENABLE_USER_SCRIPT_SANDBOXING = YES;
				GCC_C_LANGUAGE_STANDARD = gnu17;
				GCC_DYNAMIC_NO_PIC = NO;
				GCC_NO_COMMON_BLOCKS = YES;
				GCC_OPTIMIZATION_LEVEL = 0;
				GCC_PREPROCESSOR_DEFINITIONS = (
					"DEBUG=1",
					"$(inherited)",
				);
				GCC_WARN_64_TO_32_BIT_CONVERSION = YES;
				GCC_WARN_ABOUT_RETURN_TYPE = YES_ERROR;
				GCC_WARN_UNDECLARED_SELECTOR = YES;
				GCC_WARN_UNINITIALIZED_AUTOS = YES_AGGRESSIVE;
				GCC_WARN_UNUSED_FUNCTION = YES;
				GCC_WARN_UNUSED_VARIABLE = YES;
				LOCALIZATION_PREFERS_STRING_CATALOGS = YES;
				MTL_ENABLE_DEBUG_INFO = INCLUDE_SOURCE;
				MTL_FAST_MATH = YES;
				ONLY_ACTIVE_ARCH = YES;
				SWIFT_ACTIVE_COMPILATION_CONDITIONS = "DEBUG $(inherited)";
				SWIFT_OPTIMIZATION_LEVEL = "-Onone";
			};
			name = Debug;
		};
		8D37C4EF2B9E604200E7A24C /* Release */ = {
			isa = XCBuildConfiguration;
			buildSettings = {
				ALWAYS_SEARCH_USER_PATHS = NO;
				ASSETCATALOG_COMPILER_GENERATE_SWIFT_ASSET_SYMBOL_EXTENSIONS = YES;
				CLANG_ANALYZER_NONNULL = YES;
				CLANG_ANALYZER_NUMBER_OBJECT_CONVERSION = YES_AGGRESSIVE;
				CLANG_CXX_LANGUAGE_STANDARD = "gnu++20";
				CLANG_ENABLE_MODULES = YES;
				CLANG_ENABLE_OBJC_ARC = YES;
				CLANG_ENABLE_OBJC_WEAK = YES;
				CLANG_WARN_BLOCK_CAPTURE_AUTORELEASING = YES;
				CLANG_WARN_BOOL_CONVERSION = YES;
				CLANG_WARN_COMMA = YES;
				CLANG_WARN_CONSTANT_CONVERSION = YES;
				CLANG_WARN_DEPRECATED_OBJC_IMPLEMENTATIONS = YES;
				CLANG_WARN_DIRECT_OBJC_ISA_USAGE = YES_ERROR;
				CLANG_WARN_DOCUMENTATION_COMMENTS = YES;
				CLANG_WARN_EMPTY_BODY = YES;
				CLANG_WARN_ENUM_CONVERSION = YES;
				CLANG_WARN_INFINITE_RECURSION = YES;
				CLANG_WARN_INT_CONVERSION = YES;
				CLANG_WARN_NON_LITERAL_NULL_CONVERSION = YES;
				CLANG_WARN_OBJC_IMPLICIT_RETAIN_SELF = YES;
				CLANG_WARN_OBJC_LITERAL_CONVERSION = YES;
				CLANG_WARN_OBJC_ROOT_CLASS = YES_ERROR;
				CLANG_WARN_QUOTED_INCLUDE_IN_FRAMEWORK_HEADER = YES;
				CLANG_WARN_RANGE_LOOP_ANALYSIS = YES;
				CLANG_WARN_STRICT_PROTOTYPES = YES;
				CLANG_WARN_SUSPICIOUS_MOVE = YES;
				CLANG_WARN_UNGUARDED_AVAILABILITY = YES_AGGRESSIVE;
				CLANG_WARN_UNREACHABLE_CODE = YES;
				CLANG_WARN__DUPLICATE_METHOD_MATCH = YES;
				COPY_PHASE_STRIP = NO;
				DEBUG_INFORMATION_FORMAT = "dwarf-with-dsym";
				ENABLE_NS_ASSERTIONS = NO;
				ENABLE_STRICT_OBJC_MSGSEND = YES;
				ENABLE_USER_SCRIPT_SANDBOXING = YES;
				GCC_C_LANGUAGE_STANDARD = gnu17;
				GCC_NO_COMMON_BLOCKS = YES;
				GCC_WARN_64_TO_32_BIT_CONVERSION = YES;
				GCC_WARN_ABOUT_RETURN_TYPE = YES_ERROR;
				GCC_WARN_UNDECLARED_SELECTOR = YES;
				GCC_WARN_UNINITIALIZED_AUTOS = YES_AGGRESSIVE;
				GCC_WARN_UNUSED_FUNCTION = YES;
				GCC_WARN_UNUSED_VARIABLE = YES;
				LOCALIZATION_PREFERS_STRING_CATALOGS = YES;
				MTL_ENABLE_DEBUG_INFO = NO;
				MTL_FAST_MATH = YES;
				SWIFT_COMPILATION_MODE = wholemodule;
			};
			name = Release;
		};
		8D37C4F12B9E604200E7A24C /* Debug */ = {
			isa = XCBuildConfiguration;
			buildSettings = {
				ASSETCATALOG_COMPILER_APPICON_NAME = AppIcon;
				ASSETCATALOG_COMPILER_GLOBAL_ACCENT_COLOR_NAME = AccentColor;
				CODE_SIGN_ENTITLEMENTS = "Swift_Cookbook-2nd/Swift_Cookbook_2nd.entitlements";
				CODE_SIGN_STYLE = Automatic;
				CURRENT_PROJECT_VERSION = 1;
				DEVELOPMENT_ASSET_PATHS = "\"Swift_Cookbook-2nd/Preview Content\"";
				DEVELOPMENT_TEAM = D9A597BUYV;
				ENABLE_HARDENED_RUNTIME = YES;
				ENABLE_PREVIEWS = YES;
				GENERATE_INFOPLIST_FILE = YES;
				"INFOPLIST_KEY_UIApplicationSceneManifest_Generation[sdk=iphoneos*]" = YES;
				"INFOPLIST_KEY_UIApplicationSceneManifest_Generation[sdk=iphonesimulator*]" = YES;
				"INFOPLIST_KEY_UIApplicationSupportsIndirectInputEvents[sdk=iphoneos*]" = YES;
				"INFOPLIST_KEY_UIApplicationSupportsIndirectInputEvents[sdk=iphonesimulator*]" = YES;
				"INFOPLIST_KEY_UILaunchScreen_Generation[sdk=iphoneos*]" = YES;
				"INFOPLIST_KEY_UILaunchScreen_Generation[sdk=iphonesimulator*]" = YES;
				"INFOPLIST_KEY_UIStatusBarStyle[sdk=iphoneos*]" = UIStatusBarStyleDefault;
				"INFOPLIST_KEY_UIStatusBarStyle[sdk=iphonesimulator*]" = UIStatusBarStyleDefault;
				INFOPLIST_KEY_UISupportedInterfaceOrientations_iPad = "UIInterfaceOrientationPortrait UIInterfaceOrientationPortraitUpsideDown UIInterfaceOrientationLandscapeLeft UIInterfaceOrientationLandscapeRight";
				INFOPLIST_KEY_UISupportedInterfaceOrientations_iPhone = "UIInterfaceOrientationPortrait UIInterfaceOrientationLandscapeLeft UIInterfaceOrientationLandscapeRight";
				IPHONEOS_DEPLOYMENT_TARGET = 17.4;
				LD_RUNPATH_SEARCH_PATHS = "@executable_path/Frameworks";
				"LD_RUNPATH_SEARCH_PATHS[sdk=macosx*]" = "@executable_path/../Frameworks";
				MACOSX_DEPLOYMENT_TARGET = 14.4;
				MARKETING_VERSION = 1.0;
				PRODUCT_BUNDLE_IDENTIFIER = "xoio.Swift-Cookbook-2nd";
				PRODUCT_NAME = "$(TARGET_NAME)";
				SDKROOT = auto;
				SUPPORTED_PLATFORMS = "iphoneos iphonesimulator macosx";
				SWIFT_EMIT_LOC_STRINGS = YES;
				SWIFT_VERSION = 5.0;
				TARGETED_DEVICE_FAMILY = "1,2";
			};
			name = Debug;
		};
		8D37C4F22B9E604200E7A24C /* Release */ = {
			isa = XCBuildConfiguration;
			buildSettings = {
				ASSETCATALOG_COMPILER_APPICON_NAME = AppIcon;
				ASSETCATALOG_COMPILER_GLOBAL_ACCENT_COLOR_NAME = AccentColor;
				CODE_SIGN_ENTITLEMENTS = "Swift_Cookbook-2nd/Swift_Cookbook_2nd.entitlements";
				CODE_SIGN_STYLE = Automatic;
				CURRENT_PROJECT_VERSION = 1;
				DEVELOPMENT_ASSET_PATHS = "\"Swift_Cookbook-2nd/Preview Content\"";
				DEVELOPMENT_TEAM = D9A597BUYV;
				ENABLE_HARDENED_RUNTIME = YES;
				ENABLE_PREVIEWS = YES;
				GENERATE_INFOPLIST_FILE = YES;
				"INFOPLIST_KEY_UIApplicationSceneManifest_Generation[sdk=iphoneos*]" = YES;
				"INFOPLIST_KEY_UIApplicationSceneManifest_Generation[sdk=iphonesimulator*]" = YES;
				"INFOPLIST_KEY_UIApplicationSupportsIndirectInputEvents[sdk=iphoneos*]" = YES;
				"INFOPLIST_KEY_UIApplicationSupportsIndirectInputEvents[sdk=iphonesimulator*]" = YES;
				"INFOPLIST_KEY_UILaunchScreen_Generation[sdk=iphoneos*]" = YES;
				"INFOPLIST_KEY_UILaunchScreen_Generation[sdk=iphonesimulator*]" = YES;
				"INFOPLIST_KEY_UIStatusBarStyle[sdk=iphoneos*]" = UIStatusBarStyleDefault;
				"INFOPLIST_KEY_UIStatusBarStyle[sdk=iphonesimulator*]" = UIStatusBarStyleDefault;
				INFOPLIST_KEY_UISupportedInterfaceOrientations_iPad = "UIInterfaceOrientationPortrait UIInterfaceOrientationPortraitUpsideDown UIInterfaceOrientationLandscapeLeft UIInterfaceOrientationLandscapeRight";
				INFOPLIST_KEY_UISupportedInterfaceOrientations_iPhone = "UIInterfaceOrientationPortrait UIInterfaceOrientationLandscapeLeft UIInterfaceOrientationLandscapeRight";
				IPHONEOS_DEPLOYMENT_TARGET = 17.4;
				LD_RUNPATH_SEARCH_PATHS = "@executable_path/Frameworks";
				"LD_RUNPATH_SEARCH_PATHS[sdk=macosx*]" = "@executable_path/../Frameworks";
				MACOSX_DEPLOYMENT_TARGET = 14.4;
				MARKETING_VERSION = 1.0;
				PRODUCT_BUNDLE_IDENTIFIER = "xoio.Swift-Cookbook-2nd";
				PRODUCT_NAME = "$(TARGET_NAME)";
				SDKROOT = auto;
				SUPPORTED_PLATFORMS = "iphoneos iphonesimulator macosx";
				SWIFT_EMIT_LOC_STRINGS = YES;
				SWIFT_VERSION = 5.0;
				TARGETED_DEVICE_FAMILY = "1,2";
			};
			name = Release;
		};
		8D37C4F42B9E604200E7A24C /* Debug */ = {
			isa = XCBuildConfiguration;
			buildSettings = {
				ALWAYS_EMBED_SWIFT_STANDARD_LIBRARIES = YES;
				BUNDLE_LOADER = "$(TEST_HOST)";
				CODE_SIGN_STYLE = Automatic;
				CURRENT_PROJECT_VERSION = 1;
				DEVELOPMENT_TEAM = D9A597BUYV;
				GENERATE_INFOPLIST_FILE = YES;
				IPHONEOS_DEPLOYMENT_TARGET = 17.4;
				MACOSX_DEPLOYMENT_TARGET = 14.4;
				MARKETING_VERSION = 1.0;
				PRODUCT_BUNDLE_IDENTIFIER = "xoio.Swift-Cookbook-2ndTests";
				PRODUCT_NAME = "$(TARGET_NAME)";
				SDKROOT = auto;
				SUPPORTED_PLATFORMS = "iphoneos iphonesimulator macosx";
				SWIFT_EMIT_LOC_STRINGS = NO;
				SWIFT_VERSION = 5.0;
				TARGETED_DEVICE_FAMILY = "1,2";
				TEST_HOST = "$(BUILT_PRODUCTS_DIR)/Swift_Cookbook-2nd.app/$(BUNDLE_EXECUTABLE_FOLDER_PATH)/Swift_Cookbook-2nd";
			};
			name = Debug;
		};
		8D37C4F52B9E604200E7A24C /* Release */ = {
			isa = XCBuildConfiguration;
			buildSettings = {
				ALWAYS_EMBED_SWIFT_STANDARD_LIBRARIES = YES;
				BUNDLE_LOADER = "$(TEST_HOST)";
				CODE_SIGN_STYLE = Automatic;
				CURRENT_PROJECT_VERSION = 1;
				DEVELOPMENT_TEAM = D9A597BUYV;
				GENERATE_INFOPLIST_FILE = YES;
				IPHONEOS_DEPLOYMENT_TARGET = 17.4;
				MACOSX_DEPLOYMENT_TARGET = 14.4;
				MARKETING_VERSION = 1.0;
				PRODUCT_BUNDLE_IDENTIFIER = "xoio.Swift-Cookbook-2ndTests";
				PRODUCT_NAME = "$(TARGET_NAME)";
				SDKROOT = auto;
				SUPPORTED_PLATFORMS = "iphoneos iphonesimulator macosx";
				SWIFT_EMIT_LOC_STRINGS = NO;
				SWIFT_VERSION = 5.0;
				TARGETED_DEVICE_FAMILY = "1,2";
				TEST_HOST = "$(BUILT_PRODUCTS_DIR)/Swift_Cookbook-2nd.app/$(BUNDLE_EXECUTABLE_FOLDER_PATH)/Swift_Cookbook-2nd";
			};
			name = Release;
		};
		8D37C4F72B9E604200E7A24C /* Debug */ = {
			isa = XCBuildConfiguration;
			buildSettings = {
				ALWAYS_EMBED_SWIFT_STANDARD_LIBRARIES = YES;
				CODE_SIGN_STYLE = Automatic;
				CURRENT_PROJECT_VERSION = 1;
				DEVELOPMENT_TEAM = D9A597BUYV;
				GENERATE_INFOPLIST_FILE = YES;
				IPHONEOS_DEPLOYMENT_TARGET = 17.4;
				MACOSX_DEPLOYMENT_TARGET = 14.4;
				MARKETING_VERSION = 1.0;
				PRODUCT_BUNDLE_IDENTIFIER = "xoio.Swift-Cookbook-2ndUITests";
				PRODUCT_NAME = "$(TARGET_NAME)";
				SDKROOT = auto;
				SUPPORTED_PLATFORMS = "iphoneos iphonesimulator macosx";
				SWIFT_EMIT_LOC_STRINGS = NO;
				SWIFT_VERSION = 5.0;
				TARGETED_DEVICE_FAMILY = "1,2";
				TEST_TARGET_NAME = "Swift_Cookbook-2nd";
			};
			name = Debug;
		};
		8D37C4F82B9E604200E7A24C /* Release */ = {
			isa = XCBuildConfiguration;
			buildSettings = {
				ALWAYS_EMBED_SWIFT_STANDARD_LIBRARIES = YES;
				CODE_SIGN_STYLE = Automatic;
				CURRENT_PROJECT_VERSION = 1;
				DEVELOPMENT_TEAM = D9A597BUYV;
				GENERATE_INFOPLIST_FILE = YES;
				IPHONEOS_DEPLOYMENT_TARGET = 17.4;
				MACOSX_DEPLOYMENT_TARGET = 14.4;
				MARKETING_VERSION = 1.0;
				PRODUCT_BUNDLE_IDENTIFIER = "xoio.Swift-Cookbook-2ndUITests";
				PRODUCT_NAME = "$(TARGET_NAME)";
				SDKROOT = auto;
				SUPPORTED_PLATFORMS = "iphoneos iphonesimulator macosx";
				SWIFT_EMIT_LOC_STRINGS = NO;
				SWIFT_VERSION = 5.0;
				TARGETED_DEVICE_FAMILY = "1,2";
				TEST_TARGET_NAME = "Swift_Cookbook-2nd";
			};
			name = Release;
		};
/* End XCBuildConfiguration section */

/* Begin XCConfigurationList section */
		8D37C4C62B9E604000E7A24C /* Build configuration list for PBXProject "Swift_Cookbook-2nd" */ = {
			isa = XCConfigurationList;
			buildConfigurations = (
				8D37C4EE2B9E604200E7A24C /* Debug */,
				8D37C4EF2B9E604200E7A24C /* Release */,
			);
			defaultConfigurationIsVisible = 0;
			defaultConfigurationName = Release;
		};
		8D37C4F02B9E604200E7A24C /* Build configuration list for PBXNativeTarget "Swift_Cookbook-2nd" */ = {
			isa = XCConfigurationList;
			buildConfigurations = (
				8D37C4F12B9E604200E7A24C /* Debug */,
				8D37C4F22B9E604200E7A24C /* Release */,
			);
			defaultConfigurationIsVisible = 0;
			defaultConfigurationName = Release;
		};
		8D37C4F32B9E604200E7A24C /* Build configuration list for PBXNativeTarget "Swift_Cookbook-2ndTests" */ = {
			isa = XCConfigurationList;
			buildConfigurations = (
				8D37C4F42B9E604200E7A24C /* Debug */,
				8D37C4F52B9E604200E7A24C /* Release */,
			);
			defaultConfigurationIsVisible = 0;
			defaultConfigurationName = Release;
		};
		8D37C4F62B9E604200E7A24C /* Build configuration list for PBXNativeTarget "Swift_Cookbook-2ndUITests" */ = {
			isa = XCConfigurationList;
			buildConfigurations = (
				8D37C4F72B9E604200E7A24C /* Debug */,
				8D37C4F82B9E604200E7A24C /* Release */,
			);
			defaultConfigurationIsVisible = 0;
			defaultConfigurationName = Release;
		};
/* End XCConfigurationList section */
	};
	rootObject = 8D37C4C32B9E604000E7A24C /* Project object */;
}
